// !$*UTF8*$!
{
	archiveVersion = 1;
	classes = {
	};
	objectVersion = 46;
	objects = {

/* Begin PBXBuildFile section */
		C3087E061E7B295800555F0D /* MovieDetailViewController.swift in Sources */ = {isa = PBXBuildFile; fileRef = C3087E041E7B295800555F0D /* MovieDetailViewController.swift */; };
		C3087E071E7B295800555F0D /* MovieDetailViewController.xib in Resources */ = {isa = PBXBuildFile; fileRef = C3087E051E7B295800555F0D /* MovieDetailViewController.xib */; };
		C32D8AE11E79A3A800E56987 /* ResultsTableViewCell.swift in Sources */ = {isa = PBXBuildFile; fileRef = C32D8ADF1E79A3A800E56987 /* ResultsTableViewCell.swift */; };
		C32D8AE21E79A3A800E56987 /* ResultsTableViewCell.xib in Resources */ = {isa = PBXBuildFile; fileRef = C32D8AE01E79A3A800E56987 /* ResultsTableViewCell.xib */; };
		C34D25641EDFC03900A5B4C0 /* MyWatchlistViewController.swift in Sources */ = {isa = PBXBuildFile; fileRef = C34D25621EDFC03900A5B4C0 /* MyWatchlistViewController.swift */; };
		C34D25651EDFC03900A5B4C0 /* MyWatchlistViewController.xib in Resources */ = {isa = PBXBuildFile; fileRef = C34D25631EDFC03900A5B4C0 /* MyWatchlistViewController.xib */; };
		C34D25671EE099B600A5B4C0 /* Assets.xcassets in Resources */ = {isa = PBXBuildFile; fileRef = C34D25661EE099B600A5B4C0 /* Assets.xcassets */; };
		C34ED2AA1E54B660000DFCB5 /* AppDelegate.swift in Sources */ = {isa = PBXBuildFile; fileRef = C34ED2A91E54B660000DFCB5 /* AppDelegate.swift */; };
		C34ED2B41E54B660000DFCB5 /* LaunchScreen.storyboard in Resources */ = {isa = PBXBuildFile; fileRef = C34ED2B21E54B660000DFCB5 /* LaunchScreen.storyboard */; };
		C34ED2BC1E54B718000DFCB5 /* DAO.swift in Sources */ = {isa = PBXBuildFile; fileRef = C34ED2BB1E54B718000DFCB5 /* DAO.swift */; };
		C34ED2BE1E54C951000DFCB5 /* ResultsPage.swift in Sources */ = {isa = PBXBuildFile; fileRef = C34ED2BD1E54C951000DFCB5 /* ResultsPage.swift */; };
		C3B150821EDCF890008CE78D /* HomeViewController.swift in Sources */ = {isa = PBXBuildFile; fileRef = C3B150801EDCF88F008CE78D /* HomeViewController.swift */; };
		C3B150831EDCF890008CE78D /* HomeViewController.xib in Resources */ = {isa = PBXBuildFile; fileRef = C3B150811EDCF890008CE78D /* HomeViewController.xib */; };
		C3B150861EDCF9C7008CE78D /* WatchlistCollectionViewCell.swift in Sources */ = {isa = PBXBuildFile; fileRef = C3B150841EDCF9C7008CE78D /* WatchlistCollectionViewCell.swift */; };
		C3B150871EDCF9C7008CE78D /* WatchlistCollectionViewCell.xib in Resources */ = {isa = PBXBuildFile; fileRef = C3B150851EDCF9C7008CE78D /* WatchlistCollectionViewCell.xib */; };
		C3B150AB1EDDFCEF008CE78D /* Watchlist.xcdatamodeld in Sources */ = {isa = PBXBuildFile; fileRef = C3B150A91EDDFCEF008CE78D /* Watchlist.xcdatamodeld */; };
		C3B150B21EDE1B29008CE78D /* InfoViewController.swift in Sources */ = {isa = PBXBuildFile; fileRef = C3B150B01EDE1B29008CE78D /* InfoViewController.swift */; };
		C3B150B31EDE1B29008CE78D /* InfoViewController.xib in Resources */ = {isa = PBXBuildFile; fileRef = C3B150B11EDE1B29008CE78D /* InfoViewController.xib */; };
		C3B1E0421E5623E000624BAB /* Movie.swift in Sources */ = {isa = PBXBuildFile; fileRef = C3B1E0411E5623E000624BAB /* Movie.swift */; };
/* End PBXBuildFile section */

/* Begin PBXFileReference section */
		C3087E041E7B295800555F0D /* MovieDetailViewController.swift */ = {isa = PBXFileReference; fileEncoding = 4; lastKnownFileType = sourcecode.swift; path = MovieDetailViewController.swift; sourceTree = "<group>"; };
		C3087E051E7B295800555F0D /* MovieDetailViewController.xib */ = {isa = PBXFileReference; fileEncoding = 4; lastKnownFileType = file.xib; path = MovieDetailViewController.xib; sourceTree = "<group>"; };
		C32D8ADF1E79A3A800E56987 /* ResultsTableViewCell.swift */ = {isa = PBXFileReference; fileEncoding = 4; lastKnownFileType = sourcecode.swift; path = ResultsTableViewCell.swift; sourceTree = "<group>"; };
		C32D8AE01E79A3A800E56987 /* ResultsTableViewCell.xib */ = {isa = PBXFileReference; fileEncoding = 4; lastKnownFileType = file.xib; path = ResultsTableViewCell.xib; sourceTree = "<group>"; };
		C34D25621EDFC03900A5B4C0 /* MyWatchlistViewController.swift */ = {isa = PBXFileReference; fileEncoding = 4; lastKnownFileType = sourcecode.swift; path = MyWatchlistViewController.swift; sourceTree = "<group>"; };
		C34D25631EDFC03900A5B4C0 /* MyWatchlistViewController.xib */ = {isa = PBXFileReference; fileEncoding = 4; lastKnownFileType = file.xib; path = MyWatchlistViewController.xib; sourceTree = "<group>"; };
		C34D25661EE099B600A5B4C0 /* Assets.xcassets */ = {isa = PBXFileReference; lastKnownFileType = folder.assetcatalog; path = Assets.xcassets; sourceTree = "<group>"; };
		C34ED2A61E54B65F000DFCB5 /* Bechtel.app */ = {isa = PBXFileReference; explicitFileType = wrapper.application; includeInIndex = 0; path = Bechtel.app; sourceTree = BUILT_PRODUCTS_DIR; };
		C34ED2A91E54B660000DFCB5 /* AppDelegate.swift */ = {isa = PBXFileReference; lastKnownFileType = sourcecode.swift; path = AppDelegate.swift; sourceTree = "<group>"; };
		C34ED2B31E54B660000DFCB5 /* Base */ = {isa = PBXFileReference; lastKnownFileType = file.storyboard; name = Base; path = Base.lproj/LaunchScreen.storyboard; sourceTree = "<group>"; };
		C34ED2B51E54B660000DFCB5 /* Info.plist */ = {isa = PBXFileReference; lastKnownFileType = text.plist.xml; path = Info.plist; sourceTree = "<group>"; };
		C34ED2BB1E54B718000DFCB5 /* DAO.swift */ = {isa = PBXFileReference; fileEncoding = 4; lastKnownFileType = sourcecode.swift; path = DAO.swift; sourceTree = "<group>"; };
		C34ED2BD1E54C951000DFCB5 /* ResultsPage.swift */ = {isa = PBXFileReference; fileEncoding = 4; lastKnownFileType = sourcecode.swift; path = ResultsPage.swift; sourceTree = "<group>"; };
		C3B150801EDCF88F008CE78D /* HomeViewController.swift */ = {isa = PBXFileReference; fileEncoding = 4; lastKnownFileType = sourcecode.swift; path = HomeViewController.swift; sourceTree = "<group>"; };
		C3B150811EDCF890008CE78D /* HomeViewController.xib */ = {isa = PBXFileReference; fileEncoding = 4; lastKnownFileType = file.xib; path = HomeViewController.xib; sourceTree = "<group>"; };
		C3B150841EDCF9C7008CE78D /* WatchlistCollectionViewCell.swift */ = {isa = PBXFileReference; fileEncoding = 4; lastKnownFileType = sourcecode.swift; path = WatchlistCollectionViewCell.swift; sourceTree = "<group>"; };
		C3B150851EDCF9C7008CE78D /* WatchlistCollectionViewCell.xib */ = {isa = PBXFileReference; fileEncoding = 4; lastKnownFileType = file.xib; path = WatchlistCollectionViewCell.xib; sourceTree = "<group>"; };
		C3B150AA1EDDFCEF008CE78D /* Watchlist.xcdatamodel */ = {isa = PBXFileReference; lastKnownFileType = wrapper.xcdatamodel; path = Watchlist.xcdatamodel; sourceTree = "<group>"; };
		C3B150B01EDE1B29008CE78D /* InfoViewController.swift */ = {isa = PBXFileReference; fileEncoding = 4; lastKnownFileType = sourcecode.swift; path = InfoViewController.swift; sourceTree = "<group>"; };
		C3B150B11EDE1B29008CE78D /* InfoViewController.xib */ = {isa = PBXFileReference; fileEncoding = 4; lastKnownFileType = file.xib; path = InfoViewController.xib; sourceTree = "<group>"; };
		C3B1E0411E5623E000624BAB /* Movie.swift */ = {isa = PBXFileReference; fileEncoding = 4; lastKnownFileType = sourcecode.swift; path = Movie.swift; sourceTree = "<group>"; };
/* End PBXFileReference section */

/* Begin PBXFrameworksBuildPhase section */
		C34ED2A31E54B65F000DFCB5 /* Frameworks */ = {
			isa = PBXFrameworksBuildPhase;
			buildActionMask = 2147483647;
			files = (
			);
			runOnlyForDeploymentPostprocessing = 0;
		};
/* End PBXFrameworksBuildPhase section */

/* Begin PBXGroup section */
		C34ED29D1E54B65F000DFCB5 = {
			isa = PBXGroup;
			children = (
				C34ED2A81E54B65F000DFCB5 /* Bechtel */,
				C34ED2A71E54B65F000DFCB5 /* Products */,
			);
			sourceTree = "<group>";
		};
		C34ED2A71E54B65F000DFCB5 /* Products */ = {
			isa = PBXGroup;
			children = (
				C34ED2A61E54B65F000DFCB5 /* Bechtel.app */,
			);
			name = Products;
			sourceTree = "<group>";
		};
		C34ED2A81E54B65F000DFCB5 /* Bechtel */ = {
			isa = PBXGroup;
			children = (
				C34ED2A91E54B660000DFCB5 /* AppDelegate.swift */,
				C34ED2BB1E54B718000DFCB5 /* DAO.swift */,
				C3B1E0411E5623E000624BAB /* Movie.swift */,
				C3B150801EDCF88F008CE78D /* HomeViewController.swift */,
				C3B150811EDCF890008CE78D /* HomeViewController.xib */,
				C3B150B01EDE1B29008CE78D /* InfoViewController.swift */,
				C3B150B11EDE1B29008CE78D /* InfoViewController.xib */,
				C3B150841EDCF9C7008CE78D /* WatchlistCollectionViewCell.swift */,
				C3B150851EDCF9C7008CE78D /* WatchlistCollectionViewCell.xib */,
				C34ED2BD1E54C951000DFCB5 /* ResultsPage.swift */,
				C3087E041E7B295800555F0D /* MovieDetailViewController.swift */,
				C3087E051E7B295800555F0D /* MovieDetailViewController.xib */,
				C34D25621EDFC03900A5B4C0 /* MyWatchlistViewController.swift */,
				C34D25631EDFC03900A5B4C0 /* MyWatchlistViewController.xib */,
				C32D8ADF1E79A3A800E56987 /* ResultsTableViewCell.swift */,
				C32D8AE01E79A3A800E56987 /* ResultsTableViewCell.xib */,
				C34ED2B21E54B660000DFCB5 /* LaunchScreen.storyboard */,
				C34D25661EE099B600A5B4C0 /* Assets.xcassets */,
				C34ED2B51E54B660000DFCB5 /* Info.plist */,
				C3B150A91EDDFCEF008CE78D /* Watchlist.xcdatamodeld */,
			);
			path = Bechtel;
			sourceTree = "<group>";
		};
/* End PBXGroup section */

/* Begin PBXNativeTarget section */
		C34ED2A51E54B65F000DFCB5 /* Bechtel */ = {
			isa = PBXNativeTarget;
			buildConfigurationList = C34ED2B81E54B660000DFCB5 /* Build configuration list for PBXNativeTarget "Bechtel" */;
			buildPhases = (
				C34ED2A21E54B65F000DFCB5 /* Sources */,
				C34ED2A31E54B65F000DFCB5 /* Frameworks */,
				C34ED2A41E54B65F000DFCB5 /* Resources */,
			);
			buildRules = (
			);
			dependencies = (
			);
			name = Bechtel;
			productName = Bechtel;
			productReference = C34ED2A61E54B65F000DFCB5 /* Bechtel.app */;
			productType = "com.apple.product-type.application";
		};
/* End PBXNativeTarget section */

/* Begin PBXProject section */
		C34ED29E1E54B65F000DFCB5 /* Project object */ = {
			isa = PBXProject;
			attributes = {
				LastSwiftUpdateCheck = 0820;
				LastUpgradeCheck = 0820;
				ORGANIZATIONNAME = JStrawn;
				TargetAttributes = {
					C34ED2A51E54B65F000DFCB5 = {
						CreatedOnToolsVersion = 8.2.1;
						DevelopmentTeam = JJQX5AR27M;
						ProvisioningStyle = Automatic;
					};
				};
			};
			buildConfigurationList = C34ED2A11E54B65F000DFCB5 /* Build configuration list for PBXProject "Bechtel" */;
			compatibilityVersion = "Xcode 3.2";
			developmentRegion = English;
			hasScannedForEncodings = 0;
			knownRegions = (
				en,
				Base,
			);
			mainGroup = C34ED29D1E54B65F000DFCB5;
			productRefGroup = C34ED2A71E54B65F000DFCB5 /* Products */;
			projectDirPath = "";
			projectRoot = "";
			targets = (
				C34ED2A51E54B65F000DFCB5 /* Bechtel */,
			);
		};
/* End PBXProject section */

/* Begin PBXResourcesBuildPhase section */
		C34ED2A41E54B65F000DFCB5 /* Resources */ = {
			isa = PBXResourcesBuildPhase;
			buildActionMask = 2147483647;
			files = (
				C3087E071E7B295800555F0D /* MovieDetailViewController.xib in Resources */,
				C34ED2B41E54B660000DFCB5 /* LaunchScreen.storyboard in Resources */,
				C3B150871EDCF9C7008CE78D /* WatchlistCollectionViewCell.xib in Resources */,
				C34D25671EE099B600A5B4C0 /* Assets.xcassets in Resources */,
				C3B150831EDCF890008CE78D /* HomeViewController.xib in Resources */,
				C3B150B31EDE1B29008CE78D /* InfoViewController.xib in Resources */,
				C34D25651EDFC03900A5B4C0 /* MyWatchlistViewController.xib in Resources */,
				C32D8AE21E79A3A800E56987 /* ResultsTableViewCell.xib in Resources */,
			);
			runOnlyForDeploymentPostprocessing = 0;
		};
/* End PBXResourcesBuildPhase section */

/* Begin PBXSourcesBuildPhase section */
		C34ED2A21E54B65F000DFCB5 /* Sources */ = {
			isa = PBXSourcesBuildPhase;
			buildActionMask = 2147483647;
			files = (
				C3B150AB1EDDFCEF008CE78D /* Watchlist.xcdatamodeld in Sources */,
				C34D25641EDFC03900A5B4C0 /* MyWatchlistViewController.swift in Sources */,
				C3B150861EDCF9C7008CE78D /* WatchlistCollectionViewCell.swift in Sources */,
				C34ED2BC1E54B718000DFCB5 /* DAO.swift in Sources */,
				C32D8AE11E79A3A800E56987 /* ResultsTableViewCell.swift in Sources */,
				C3B150B21EDE1B29008CE78D /* InfoViewController.swift in Sources */,
				C3B150821EDCF890008CE78D /* HomeViewController.swift in Sources */,
				C34ED2AA1E54B660000DFCB5 /* AppDelegate.swift in Sources */,
				C3087E061E7B295800555F0D /* MovieDetailViewController.swift in Sources */,
				C34ED2BE1E54C951000DFCB5 /* ResultsPage.swift in Sources */,
				C3B1E0421E5623E000624BAB /* Movie.swift in Sources */,
			);
			runOnlyForDeploymentPostprocessing = 0;
		};
/* End PBXSourcesBuildPhase section */

/* Begin PBXVariantGroup section */
		C34ED2B21E54B660000DFCB5 /* LaunchScreen.storyboard */ = {
			isa = PBXVariantGroup;
			children = (
				C34ED2B31E54B660000DFCB5 /* Base */,
			);
			name = LaunchScreen.storyboard;
			sourceTree = "<group>";
		};
/* End PBXVariantGroup section */

/* Begin XCBuildConfiguration section */
		C34ED2B61E54B660000DFCB5 /* Debug */ = {
			isa = XCBuildConfiguration;
			buildSettings = {
				ALWAYS_SEARCH_USER_PATHS = NO;
				CLANG_ANALYZER_NONNULL = YES;
				CLANG_CXX_LANGUAGE_STANDARD = "gnu++0x";
				CLANG_CXX_LIBRARY = "libc++";
				CLANG_ENABLE_MODULES = YES;
				CLANG_ENABLE_OBJC_ARC = YES;
				CLANG_WARN_BOOL_CONVERSION = YES;
				CLANG_WARN_CONSTANT_CONVERSION = YES;
				CLANG_WARN_DIRECT_OBJC_ISA_USAGE = YES_ERROR;
				CLANG_WARN_DOCUMENTATION_COMMENTS = YES;
				CLANG_WARN_EMPTY_BODY = YES;
				CLANG_WARN_ENUM_CONVERSION = YES;
				CLANG_WARN_INFINITE_RECURSION = YES;
				CLANG_WARN_INT_CONVERSION = YES;
				CLANG_WARN_OBJC_ROOT_CLASS = YES_ERROR;
				CLANG_WARN_SUSPICIOUS_MOVE = YES;
				CLANG_WARN_UNREACHABLE_CODE = YES;
				CLANG_WARN__DUPLICATE_METHOD_MATCH = YES;
				"CODE_SIGN_IDENTITY[sdk=iphoneos*]" = "iPhone Developer";
				COPY_PHASE_STRIP = NO;
				DEBUG_INFORMATION_FORMAT = dwarf;
				ENABLE_STRICT_OBJC_MSGSEND = YES;
				ENABLE_TESTABILITY = YES;
				GCC_C_LANGUAGE_STANDARD = gnu99;
				GCC_DYNAMIC_NO_PIC = NO;
				GCC_NO_COMMON_BLOCKS = YES;
				GCC_OPTIMIZATION_LEVEL = 0;
				GCC_PREPROCESSOR_DEFINITIONS = (
					"DEBUG=1",
					"$(inherited)",
				);
				GCC_WARN_64_TO_32_BIT_CONVERSION = YES;
				GCC_WARN_ABOUT_RETURN_TYPE = YES_ERROR;
				GCC_WARN_UNDECLARED_SELECTOR = YES;
				GCC_WARN_UNINITIALIZED_AUTOS = YES_AGGRESSIVE;
				GCC_WARN_UNUSED_FUNCTION = YES;
				GCC_WARN_UNUSED_VARIABLE = YES;
				IPHONEOS_DEPLOYMENT_TARGET = 10.2;
				MTL_ENABLE_DEBUG_INFO = YES;
				ONLY_ACTIVE_ARCH = YES;
				SDKROOT = iphoneos;
				SWIFT_ACTIVE_COMPILATION_CONDITIONS = DEBUG;
				SWIFT_OPTIMIZATION_LEVEL = "-Onone";
				TARGETED_DEVICE_FAMILY = "1,2";
			};
			name = Debug;
		};
		C34ED2B71E54B660000DFCB5 /* Release */ = {
			isa = XCBuildConfiguration;
			buildSettings = {
				ALWAYS_SEARCH_USER_PATHS = NO;
				CLANG_ANALYZER_NONNULL = YES;
				CLANG_CXX_LANGUAGE_STANDARD = "gnu++0x";
				CLANG_CXX_LIBRARY = "libc++";
				CLANG_ENABLE_MODULES = YES;
				CLANG_ENABLE_OBJC_ARC = YES;
				CLANG_WARN_BOOL_CONVERSION = YES;
				CLANG_WARN_CONSTANT_CONVERSION = YES;
				CLANG_WARN_DIRECT_OBJC_ISA_USAGE = YES_ERROR;
				CLANG_WARN_DOCUMENTATION_COMMENTS = YES;
				CLANG_WARN_EMPTY_BODY = YES;
				CLANG_WARN_ENUM_CONVERSION = YES;
				CLANG_WARN_INFINITE_RECURSION = YES;
				CLANG_WARN_INT_CONVERSION = YES;
				CLANG_WARN_OBJC_ROOT_CLASS = YES_ERROR;
				CLANG_WARN_SUSPICIOUS_MOVE = YES;
				CLANG_WARN_UNREACHABLE_CODE = YES;
				CLANG_WARN__DUPLICATE_METHOD_MATCH = YES;
				"CODE_SIGN_IDENTITY[sdk=iphoneos*]" = "iPhone Developer";
				COPY_PHASE_STRIP = NO;
				DEBUG_INFORMATION_FORMAT = "dwarf-with-dsym";
				ENABLE_NS_ASSERTIONS = NO;
				ENABLE_STRICT_OBJC_MSGSEND = YES;
				GCC_C_LANGUAGE_STANDARD = gnu99;
				GCC_NO_COMMON_BLOCKS = YES;
				GCC_WARN_64_TO_32_BIT_CONVERSION = YES;
				GCC_WARN_ABOUT_RETURN_TYPE = YES_ERROR;
				GCC_WARN_UNDECLARED_SELECTOR = YES;
				GCC_WARN_UNINITIALIZED_AUTOS = YES_AGGRESSIVE;
				GCC_WARN_UNUSED_FUNCTION = YES;
				GCC_WARN_UNUSED_VARIABLE = YES;
				IPHONEOS_DEPLOYMENT_TARGET = 10.2;
				MTL_ENABLE_DEBUG_INFO = NO;
				SDKROOT = iphoneos;
				SWIFT_OPTIMIZATION_LEVEL = "-Owholemodule";
				TARGETED_DEVICE_FAMILY = "1,2";
				VALIDATE_PRODUCT = YES;
			};
			name = Release;
		};
		C34ED2B91E54B660000DFCB5 /* Debug */ = {
			isa = XCBuildConfiguration;
			buildSettings = {
				ASSETCATALOG_COMPILER_APPICON_NAME = AppIcon;
				DEVELOPMENT_TEAM = JJQX5AR27M;
				INFOPLIST_FILE = Bechtel/Info.plist;
				LD_RUNPATH_SEARCH_PATHS = "$(inherited) @executable_path/Frameworks";
				PRODUCT_BUNDLE_IDENTIFIER = com.jstrawn.Bechtel;
				PRODUCT_NAME = "$(TARGET_NAME)";
				SWIFT_VERSION = 3.0;
			};
			name = Debug;
		};
		C34ED2BA1E54B660000DFCB5 /* Release */ = {
			isa = XCBuildConfiguration;
			buildSettings = {
				ASSETCATALOG_COMPILER_APPICON_NAME = AppIcon;
				DEVELOPMENT_TEAM = JJQX5AR27M;
				INFOPLIST_FILE = Bechtel/Info.plist;
				LD_RUNPATH_SEARCH_PATHS = "$(inherited) @executable_path/Frameworks";
				PRODUCT_BUNDLE_IDENTIFIER = com.jstrawn.Bechtel;
				PRODUCT_NAME = "$(TARGET_NAME)";
				SWIFT_VERSION = 3.0;
			};
			name = Release;
		};
/* End XCBuildConfiguration section */

/* Begin XCConfigurationList section */
		C34ED2A11E54B65F000DFCB5 /* Build configuration list for PBXProject "Bechtel" */ = {
			isa = XCConfigurationList;
			buildConfigurations = (
				C34ED2B61E54B660000DFCB5 /* Debug */,
				C34ED2B71E54B660000DFCB5 /* Release */,
			);
			defaultConfigurationIsVisible = 0;
			defaultConfigurationName = Release;
		};
		C34ED2B81E54B660000DFCB5 /* Build configuration list for PBXNativeTarget "Bechtel" */ = {
			isa = XCConfigurationList;
			buildConfigurations = (
				C34ED2B91E54B660000DFCB5 /* Debug */,
				C34ED2BA1E54B660000DFCB5 /* Release */,
			);
			defaultConfigurationIsVisible = 0;
			defaultConfigurationName = Release;
		};
/* End XCConfigurationList section */

/* Begin XCVersionGroup section */
		C3B150A91EDDFCEF008CE78D /* Watchlist.xcdatamodeld */ = {
			isa = XCVersionGroup;
			children = (
				C3B150AA1EDDFCEF008CE78D /* Watchlist.xcdatamodel */,
			);
			currentVersion = C3B150AA1EDDFCEF008CE78D /* Watchlist.xcdatamodel */;
			path = Watchlist.xcdatamodeld;
			sourceTree = "<group>";
			versionGroupType = wrapper.xcdatamodel;
		};
/* End XCVersionGroup section */
	};
	rootObject = C34ED29E1E54B65F000DFCB5 /* Project object */;
}
