// !$*UTF8*$!
{
	archiveVersion = 1;
	classes = {
	};
	objectVersion = 46;
	objects = {

/* Begin PBXBuildFile section */
		C34ED2AA1E54B660000DFCB5 /* AppDelegate.swift in Sources */ = {isa = PBXBuildFile; fileRef = C34ED2A91E54B660000DFCB5 /* AppDelegate.swift */; };
		C34ED2AC1E54B660000DFCB5 /* ViewController.swift in Sources */ = {isa = PBXBuildFile; fileRef = C34ED2AB1E54B660000DFCB5 /* ViewController.swift */; };
		C34ED2AF1E54B660000DFCB5 /* Main.storyboard in Resources */ = {isa = PBXBuildFile; fileRef = C34ED2AD1E54B660000DFCB5 /* Main.storyboard */; };
		C34ED2B11E54B660000DFCB5 /* Assets.xcassets in Resources */ = {isa = PBXBuildFile; fileRef = C34ED2B01E54B660000DFCB5 /* Assets.xcassets */; };
		C34ED2B41E54B660000DFCB5 /* LaunchScreen.storyboard in Resources */ = {isa = PBXBuildFile; fileRef = C34ED2B21E54B660000DFCB5 /* LaunchScreen.storyboard */; };
/* End PBXBuildFile section */

/* Begin PBXFileReference section */
		C34ED2A61E54B65F000DFCB5 /* Bechtel.app */ = {isa = PBXFileReference; explicitFileType = wrapper.application; includeInIndex = 0; path = Bechtel.app; sourceTree = BUILT_PRODUCTS_DIR; };
		C34ED2A91E54B660000DFCB5 /* AppDelegate.swift */ = {isa = PBXFileReference; lastKnownFileType = sourcecode.swift; path = AppDelegate.swift; sourceTree = "<group>"; };
		C34ED2AB1E54B660000DFCB5 /* ViewController.swift */ = {isa = PBXFileReference; lastKnownFileType = sourcecode.swift; path = ViewController.swift; sourceTree = "<group>"; };
		C34ED2AE1E54B660000DFCB5 /* Base */ = {isa = PBXFileReference; lastKnownFileType = file.storyboard; name = Base; path = Base.lproj/Main.storyboard; sourceTree = "<group>"; };
		C34ED2B01E54B660000DFCB5 /* Assets.xcassets */ = {isa = PBXFileReference; lastKnownFileType = folder.assetcatalog; path = Assets.xcassets; sourceTree = "<group>"; };
		C34ED2B31E54B660000DFCB5 /* Base */ = {isa = PBXFileReference; lastKnownFileType = file.storyboard; name = Base; path = Base.lproj/LaunchScreen.storyboard; sourceTree = "<group>"; };
		C34ED2B51E54B660000DFCB5 /* Info.plist */ = {isa = PBXFileReference; lastKnownFileType = text.plist.xml; path = Info.plist; sourceTree = "<group>"; };
/* End PBXFileReference section */

/* Begin PBXFrameworksBuildPhase section */
		C34ED2A31E54B65F000DFCB5 /* Frameworks */ = {
			isa = PBXFrameworksBuildPhase;
			buildActionMask = 2147483647;
			files = (
			);
			runOnlyForDeploymentPostprocessing = 0;
		};
/* End PBXFrameworksBuildPhase section */

/* Begin PBXGroup section */
		C34ED29D1E54B65F000DFCB5 = {
			isa = PBXGroup;
			children = (
				C34ED2A81E54B65F000DFCB5 /* Bechtel */,
				C34ED2A71E54B65F000DFCB5 /* Products */,
			);
			sourceTree = "<group>";
		};
		C34ED2A71E54B65F000DFCB5 /* Products */ = {
			isa = PBXGroup;
			children = (
				C34ED2A61E54B65F000DFCB5 /* Bechtel.app */,
			);
			name = Products;
			sourceTree = "<group>";
		};
		C34ED2A81E54B65F000DFCB5 /* Bechtel */ = {
			isa = PBXGroup;
			children = (
				C34ED2A91E54B660000DFCB5 /* AppDelegate.swift */,
				C34ED2AB1E54B660000DFCB5 /* ViewController.swift */,
				C34ED2AD1E54B660000DFCB5 /* Main.storyboard */,
				C34ED2B01E54B660000DFCB5 /* Assets.xcassets */,
				C34ED2B21E54B660000DFCB5 /* LaunchScreen.storyboard */,
				C34ED2B51E54B660000DFCB5 /* Info.plist */,
			);
			path = Bechtel;
			sourceTree = "<group>";
		};
/* End PBXGroup section */

/* Begin PBXNativeTarget section */
		C34ED2A51E54B65F000DFCB5 /* Bechtel */ = {
			isa = PBXNativeTarget;
			buildConfigurationList = C34ED2B81E54B660000DFCB5 /* Build configuration list for PBXNativeTarget "Bechtel" */;
			buildPhases = (
				C34ED2A21E54B65F000DFCB5 /* Sources */,
				C34ED2A31E54B65F000DFCB5 /* Frameworks */,
				C34ED2A41E54B65F000DFCB5 /* Resources */,
			);
			buildRules = (
			);
			dependencies = (
			);
			name = Bechtel;
			productName = Bechtel;
			productReference = C34ED2A61E54B65F000DFCB5 /* Bechtel.app */;
			productType = "com.apple.product-type.application";
		};
/* End PBXNativeTarget section */

/* Begin PBXProject section */
		C34ED29E1E54B65F000DFCB5 /* Project object */ = {
			isa = PBXProject;
			attributes = {
				LastSwiftUpdateCheck = 0820;
				LastUpgradeCheck = 0820;
				ORGANIZATIONNAME = JStrawn;
				TargetAttributes = {
					C34ED2A51E54B65F000DFCB5 = {
						CreatedOnToolsVersion = 8.2.1;
						DevelopmentTeam = JJQX5AR27M;
						ProvisioningStyle = Automatic;
					};
				};
			};
			buildConfigurationList = C34ED2A11E54B65F000DFCB5 /* Build configuration list for PBXProject "Bechtel" */;
			compatibilityVersion = "Xcode 3.2";
			developmentRegion = English;
			hasScannedForEncodings = 0;
			knownRegions = (
				en,
				Base,
			);
			mainGroup = C34ED29D1E54B65F000DFCB5;
			productRefGroup = C34ED2A71E54B65F000DFCB5 /* Products */;
			projectDirPath = "";
			projectRoot = "";
			targets = (
				C34ED2A51E54B65F000DFCB5 /* Bechtel */,
			);
		};
/* End PBXProject section */

/* Begin PBXResourcesBuildPhase section */
		C34ED2A41E54B65F000DFCB5 /* Resources */ = {
			isa = PBXResourcesBuildPhase;
			buildActionMask = 2147483647;
			files = (
				C34ED2B41E54B660000DFCB5 /* LaunchScreen.storyboard in Resources */,
				C34ED2B11E54B660000DFCB5 /* Assets.xcassets in Resources */,
				C34ED2AF1E54B660000DFCB5 /* Main.storyboard in Resources */,
			);
			runOnlyForDeploymentPostprocessing = 0;
		};
/* End PBXResourcesBuildPhase section */

/* Begin PBXSourcesBuildPhase section */
		C34ED2A21E54B65F000DFCB5 /* Sources */ = {
			isa = PBXSourcesBuildPhase;
			buildActionMask = 2147483647;
			files = (
				C34ED2AC1E54B660000DFCB5 /* ViewController.swift in Sources */,
				C34ED2AA1E54B660000DFCB5 /* AppDelegate.swift in Sources */,
			);
			runOnlyForDeploymentPostprocessing = 0;
		};
/* End PBXSourcesBuildPhase section */

/* Begin PBXVariantGroup section */
		C34ED2AD1E54B660000DFCB5 /* Main.storyboard */ = {
			isa = PBXVariantGroup;
			children = (
				C34ED2AE1E54B660000DFCB5 /* Base */,
			);
			name = Main.storyboard;
			sourceTree = "<group>";
		};
		C34ED2B21E54B660000DFCB5 /* LaunchScreen.storyboard */ = {
			isa = PBXVariantGroup;
			children = (
				C34ED2B31E54B660000DFCB5 /* Base */,
			);
			name = LaunchScreen.storyboard;
			sourceTree = "<group>";
		};
/* End PBXVariantGroup section */

/* Begin XCBuildConfiguration section */
		C34ED2B61E54B660000DFCB5 /* Debug */ = {
			isa = XCBuildConfiguration;
			buildSettings = {
				ALWAYS_SEARCH_USER_PATHS = NO;
				CLANG_ANALYZER_NONNULL = YES;
				CLANG_CXX_LANGUAGE_STANDARD = "gnu++0x";
				CLANG_CXX_LIBRARY = "libc++";
				CLANG_ENABLE_MODULES = YES;
				CLANG_ENABLE_OBJC_ARC = YES;
				CLANG_WARN_BOOL_CONVERSION = YES;
				CLANG_WARN_CONSTANT_CONVERSION = YES;
				CLANG_WARN_DIRECT_OBJC_ISA_USAGE = YES_ERROR;
				CLANG_WARN_DOCUMENTATION_COMMENTS = YES;
				CLANG_WARN_EMPTY_BODY = YES;
				CLANG_WARN_ENUM_CONVERSION = YES;
				CLANG_WARN_INFINITE_RECURSION = YES;
				CLANG_WARN_INT_CONVERSION = YES;
				CLANG_WARN_OBJC_ROOT_CLASS = YES_ERROR;
				CLANG_WARN_SUSPICIOUS_MOVE = YES;
				CLANG_WARN_UNREACHABLE_CODE = YES;
				CLANG_WARN__DUPLICATE_METHOD_MATCH = YES;
				"CODE_SIGN_IDENTITY[sdk=iphoneos*]" = "iPhone Developer";
				COPY_PHASE_STRIP = NO;
				DEBUG_INFORMATION_FORMAT = dwarf;
				ENABLE_STRICT_OBJC_MSGSEND = YES;
				ENABLE_TESTABILITY = YES;
				GCC_C_LANGUAGE_STANDARD = gnu99;
				GCC_DYNAMIC_NO_PIC = NO;
				GCC_NO_COMMON_BLOCKS = YES;
				GCC_OPTIMIZATION_LEVEL = 0;
				GCC_PREPROCESSOR_DEFINITIONS = (
					"DEBUG=1",
					"$(inherited)",
				);
				GCC_WARN_64_TO_32_BIT_CONVERSION = YES;
				GCC_WARN_ABOUT_RETURN_TYPE = YES_ERROR;
				GCC_WARN_UNDECLARED_SELECTOR = YES;
				GCC_WARN_UNINITIALIZED_AUTOS = YES_AGGRESSIVE;
				GCC_WARN_UNUSED_FUNCTION = YES;
				GCC_WARN_UNUSED_VARIABLE = YES;
				IPHONEOS_DEPLOYMENT_TARGET = 10.2;
				MTL_ENABLE_DEBUG_INFO = YES;
				ONLY_ACTIVE_ARCH = YES;
				SDKROOT = iphoneos;
				SWIFT_ACTIVE_COMPILATION_CONDITIONS = DEBUG;
				SWIFT_OPTIMIZATION_LEVEL = "-Onone";
				TARGETED_DEVICE_FAMILY = "1,2";
			};
			name = Debug;
		};
		C34ED2B71E54B660000DFCB5 /* Release */ = {
			isa = XCBuildConfiguration;
			buildSettings = {
				ALWAYS_SEARCH_USER_PATHS = NO;
				CLANG_ANALYZER_NONNULL = YES;
				CLANG_CXX_LANGUAGE_STANDARD = "gnu++0x";
				CLANG_CXX_LIBRARY = "libc++";
				CLANG_ENABLE_MODULES = YES;
				CLANG_ENABLE_OBJC_ARC = YES;
				CLANG_WARN_BOOL_CONVERSION = YES;
				CLANG_WARN_CONSTANT_CONVERSION = YES;
				CLANG_WARN_DIRECT_OBJC_ISA_USAGE = YES_ERROR;
				CLANG_WARN_DOCUMENTATION_COMMENTS = YES;
				CLANG_WARN_EMPTY_BODY = YES;
				CLANG_WARN_ENUM_CONVERSION = YES;
				CLANG_WARN_INFINITE_RECURSION = YES;
				CLANG_WARN_INT_CONVERSION = YES;
				CLANG_WARN_OBJC_ROOT_CLASS = YES_ERROR;
				CLANG_WARN_SUSPICIOUS_MOVE = YES;
				CLANG_WARN_UNREACHABLE_CODE = YES;
				CLANG_WARN__DUPLICATE_METHOD_MATCH = YES;
				"CODE_SIGN_IDENTITY[sdk=iphoneos*]" = "iPhone Developer";
				COPY_PHASE_STRIP = NO;
				DEBUG_INFORMATION_FORMAT = "dwarf-with-dsym";
				ENABLE_NS_ASSERTIONS = NO;
				ENABLE_STRICT_OBJC_MSGSEND = YES;
				GCC_C_LANGUAGE_STANDARD = gnu99;
				GCC_NO_COMMON_BLOCKS = YES;
				GCC_WARN_64_TO_32_BIT_CONVERSION = YES;
				GCC_WARN_ABOUT_RETURN_TYPE = YES_ERROR;
				GCC_WARN_UNDECLARED_SELECTOR = YES;
				GCC_WARN_UNINITIALIZED_AUTOS = YES_AGGRESSIVE;
				GCC_WARN_UNUSED_FUNCTION = YES;
				GCC_WARN_UNUSED_VARIABLE = YES;
				IPHONEOS_DEPLOYMENT_TARGET = 10.2;
				MTL_ENABLE_DEBUG_INFO = NO;
				SDKROOT = iphoneos;
				SWIFT_OPTIMIZATION_LEVEL = "-Owholemodule";
				TARGETED_DEVICE_FAMILY = "1,2";
				VALIDATE_PRODUCT = YES;
			};
			name = Release;
		};
		C34ED2B91E54B660000DFCB5 /* Debug */ = {
			isa = XCBuildConfiguration;
			buildSettings = {
				ASSETCATALOG_COMPILER_APPICON_NAME = AppIcon;
				DEVELOPMENT_TEAM = JJQX5AR27M;
				INFOPLIST_FILE = Bechtel/Info.plist;
				LD_RUNPATH_SEARCH_PATHS = "$(inherited) @executable_path/Frameworks";
				PRODUCT_BUNDLE_IDENTIFIER = com.jstrawn.Bechtel;
				PRODUCT_NAME = "$(TARGET_NAME)";
				SWIFT_VERSION = 3.0;
			};
			name = Debug;
		};
		C34ED2BA1E54B660000DFCB5 /* Release */ = {
			isa = XCBuildConfiguration;
			buildSettings = {
				ASSETCATALOG_COMPILER_APPICON_NAME = AppIcon;
				DEVELOPMENT_TEAM = JJQX5AR27M;
				INFOPLIST_FILE = Bechtel/Info.plist;
				LD_RUNPATH_SEARCH_PATHS = "$(inherited) @executable_path/Frameworks";
				PRODUCT_BUNDLE_IDENTIFIER = com.jstrawn.Bechtel;
				PRODUCT_NAME = "$(TARGET_NAME)";
				SWIFT_VERSION = 3.0;
			};
			name = Release;
		};
/* End XCBuildConfiguration section */

/* Begin XCConfigurationList section */
		C34ED2A11E54B65F000DFCB5 /* Build configuration list for PBXProject "Bechtel" */ = {
			isa = XCConfigurationList;
			buildConfigurations = (
				C34ED2B61E54B660000DFCB5 /* Debug */,
				C34ED2B71E54B660000DFCB5 /* Release */,
			);
			defaultConfigurationIsVisible = 0;
			defaultConfigurationName = Release;
		};
		C34ED2B81E54B660000DFCB5 /* Build configuration list for PBXNativeTarget "Bechtel" */ = {
			isa = XCConfigurationList;
			buildConfigurations = (
				C34ED2B91E54B660000DFCB5 /* Debug */,
				C34ED2BA1E54B660000DFCB5 /* Release */,
			);
			defaultConfigurationIsVisible = 0;
		};
/* End XCConfigurationList section */
	};
	rootObject = C34ED29E1E54B65F000DFCB5 /* Project object */;
}
